// !$*UTF8*$!
{
	archiveVersion = 1;
	classes = {
	};
	objectVersion = 56;
	objects = {

/* Begin PBXBuildFile section */
		170A9FEE28EAD84400D41896 /* MovieViewModel.swift in Sources */ = {isa = PBXBuildFile; fileRef = 170A9FED28EAD84400D41896 /* MovieViewModel.swift */; };
		170D7F7A29202A1200D86791 /* DetailMovieView.png in Resources */ = {isa = PBXBuildFile; fileRef = 170D7F7729202A1200D86791 /* DetailMovieView.png */; };
		170D7F7B29202A1200D86791 /* ProfilView.png in Resources */ = {isa = PBXBuildFile; fileRef = 170D7F7829202A1200D86791 /* ProfilView.png */; };
		170D7F7C29202A1200D86791 /* ListMoviesView.png in Resources */ = {isa = PBXBuildFile; fileRef = 170D7F7929202A1200D86791 /* ListMoviesView.png */; };
		176B51CF28D9057F001924C9 /* testApp.swift in Sources */ = {isa = PBXBuildFile; fileRef = 176B51CE28D9057F001924C9 /* testApp.swift */; };
		176B51D128D9057F001924C9 /* ContentView.swift in Sources */ = {isa = PBXBuildFile; fileRef = 176B51D028D9057F001924C9 /* ContentView.swift */; };
		176B51D328D90580001924C9 /* Assets.xcassets in Resources */ = {isa = PBXBuildFile; fileRef = 176B51D228D90580001924C9 /* Assets.xcassets */; };
		176B51D728D90580001924C9 /* Preview Assets.xcassets in Resources */ = {isa = PBXBuildFile; fileRef = 176B51D628D90580001924C9 /* Preview Assets.xcassets */; };
		17C1639F28D9AEB200CE0960 /* ProfilView.swift in Sources */ = {isa = PBXBuildFile; fileRef = 17C1639E28D9AEB200CE0960 /* ProfilView.swift */; };
		17C163A128D9B16200CE0960 /* MovieModel.swift in Sources */ = {isa = PBXBuildFile; fileRef = 17C163A028D9B16200CE0960 /* MovieModel.swift */; };
		17C163A328D9B1A600CE0960 /* DetailView.swift in Sources */ = {isa = PBXBuildFile; fileRef = 17C163A228D9B1A600CE0960 /* DetailView.swift */; };
		17C163A728D9CA4700CE0960 /* ModalView.swift in Sources */ = {isa = PBXBuildFile; fileRef = 17C163A628D9CA4700CE0960 /* ModalView.swift */; };
		17C163AB28D9E71500CE0960 /* MovieList.swift in Sources */ = {isa = PBXBuildFile; fileRef = 17C163AA28D9E71500CE0960 /* MovieList.swift */; };
		17F6DC0728DB075B007CBD0F /* EditView.swift in Sources */ = {isa = PBXBuildFile; fileRef = 17F6DC0628DB075B007CBD0F /* EditView.swift */; };
		17F6DC0928DB17AC007CBD0F /* UsersModel.swift in Sources */ = {isa = PBXBuildFile; fileRef = 17F6DC0828DB17AC007CBD0F /* UsersModel.swift */; };
		17F6DC0D28DB3B78007CBD0F /* PictureProfil.swift in Sources */ = {isa = PBXBuildFile; fileRef = 17F6DC0C28DB3B78007CBD0F /* PictureProfil.swift */; };
		17F6DC0F28DB3D85007CBD0F /* ChangePicture.swift in Sources */ = {isa = PBXBuildFile; fileRef = 17F6DC0E28DB3D85007CBD0F /* ChangePicture.swift */; };
		17F6DC1128DB5BC2007CBD0F /* ImageMovie.swift in Sources */ = {isa = PBXBuildFile; fileRef = 17F6DC1028DB5BC2007CBD0F /* ImageMovie.swift */; };
/* End PBXBuildFile section */

/* Begin PBXFileReference section */
		170A9FED28EAD84400D41896 /* MovieViewModel.swift */ = {isa = PBXFileReference; lastKnownFileType = sourcecode.swift; path = MovieViewModel.swift; sourceTree = "<group>"; };
		170D7F7729202A1200D86791 /* DetailMovieView.png */ = {isa = PBXFileReference; lastKnownFileType = image.png; path = DetailMovieView.png; sourceTree = "<group>"; };
		170D7F7829202A1200D86791 /* ProfilView.png */ = {isa = PBXFileReference; lastKnownFileType = image.png; path = ProfilView.png; sourceTree = "<group>"; };
		170D7F7929202A1200D86791 /* ListMoviesView.png */ = {isa = PBXFileReference; lastKnownFileType = image.png; path = ListMoviesView.png; sourceTree = "<group>"; };
		176B51CB28D9057F001924C9 /* test.app */ = {isa = PBXFileReference; explicitFileType = wrapper.application; includeInIndex = 0; path = test.app; sourceTree = BUILT_PRODUCTS_DIR; };
		176B51CE28D9057F001924C9 /* testApp.swift */ = {isa = PBXFileReference; lastKnownFileType = sourcecode.swift; path = testApp.swift; sourceTree = "<group>"; };
		176B51D028D9057F001924C9 /* ContentView.swift */ = {isa = PBXFileReference; lastKnownFileType = sourcecode.swift; path = ContentView.swift; sourceTree = "<group>"; };
		176B51D228D90580001924C9 /* Assets.xcassets */ = {isa = PBXFileReference; lastKnownFileType = folder.assetcatalog; path = Assets.xcassets; sourceTree = "<group>"; };
		176B51D428D90580001924C9 /* test.entitlements */ = {isa = PBXFileReference; lastKnownFileType = text.plist.entitlements; path = test.entitlements; sourceTree = "<group>"; };
		176B51D628D90580001924C9 /* Preview Assets.xcassets */ = {isa = PBXFileReference; lastKnownFileType = folder.assetcatalog; path = "Preview Assets.xcassets"; sourceTree = "<group>"; };
		17C1639E28D9AEB200CE0960 /* ProfilView.swift */ = {isa = PBXFileReference; lastKnownFileType = sourcecode.swift; path = ProfilView.swift; sourceTree = "<group>"; };
		17C163A028D9B16200CE0960 /* MovieModel.swift */ = {isa = PBXFileReference; lastKnownFileType = sourcecode.swift; path = MovieModel.swift; sourceTree = "<group>"; };
		17C163A228D9B1A600CE0960 /* DetailView.swift */ = {isa = PBXFileReference; lastKnownFileType = sourcecode.swift; path = DetailView.swift; sourceTree = "<group>"; };
		17C163A628D9CA4700CE0960 /* ModalView.swift */ = {isa = PBXFileReference; lastKnownFileType = sourcecode.swift; path = ModalView.swift; sourceTree = "<group>"; };
		17C163AA28D9E71500CE0960 /* MovieList.swift */ = {isa = PBXFileReference; lastKnownFileType = sourcecode.swift; path = MovieList.swift; sourceTree = "<group>"; };
		17F6DC0628DB075B007CBD0F /* EditView.swift */ = {isa = PBXFileReference; lastKnownFileType = sourcecode.swift; path = EditView.swift; sourceTree = "<group>"; };
		17F6DC0828DB17AC007CBD0F /* UsersModel.swift */ = {isa = PBXFileReference; lastKnownFileType = sourcecode.swift; path = UsersModel.swift; sourceTree = "<group>"; };
		17F6DC0C28DB3B78007CBD0F /* PictureProfil.swift */ = {isa = PBXFileReference; lastKnownFileType = sourcecode.swift; path = PictureProfil.swift; sourceTree = "<group>"; };
		17F6DC0E28DB3D85007CBD0F /* ChangePicture.swift */ = {isa = PBXFileReference; lastKnownFileType = sourcecode.swift; path = ChangePicture.swift; sourceTree = "<group>"; };
		17F6DC1028DB5BC2007CBD0F /* ImageMovie.swift */ = {isa = PBXFileReference; lastKnownFileType = sourcecode.swift; path = ImageMovie.swift; sourceTree = "<group>"; };
/* End PBXFileReference section */

/* Begin PBXFrameworksBuildPhase section */
		176B51C828D9057F001924C9 /* Frameworks */ = {
			isa = PBXFrameworksBuildPhase;
			buildActionMask = 2147483647;
			files = (
			);
			runOnlyForDeploymentPostprocessing = 0;
		};
/* End PBXFrameworksBuildPhase section */

/* Begin PBXGroup section */
		170D7F762920298900D86791 /* Images */ = {
			isa = PBXGroup;
			children = (
				170D7F7729202A1200D86791 /* DetailMovieView.png */,
				170D7F7929202A1200D86791 /* ListMoviesView.png */,
				170D7F7829202A1200D86791 /* ProfilView.png */,
			);
			path = Images;
			sourceTree = "<group>";
		};
		176B51C228D9057F001924C9 = {
			isa = PBXGroup;
			children = (
				170D7F762920298900D86791 /* Images */,
				176B51CD28D9057F001924C9 /* test */,
				176B51CC28D9057F001924C9 /* Products */,
			);
			sourceTree = "<group>";
		};
		176B51CC28D9057F001924C9 /* Products */ = {
			isa = PBXGroup;
			children = (
				176B51CB28D9057F001924C9 /* test.app */,
			);
			name = Products;
			sourceTree = "<group>";
		};
		176B51CD28D9057F001924C9 /* test */ = {
			isa = PBXGroup;
			children = (
				176B51CE28D9057F001924C9 /* testApp.swift */,
				177F464928E5E53D00DD8B9D /* ViewModels */,
				17C163A428D9BBDE00CE0960 /* Model */,
				17C163A528D9C10400CE0960 /* Views */,
				176B51D228D90580001924C9 /* Assets.xcassets */,
				176B51D428D90580001924C9 /* test.entitlements */,
				176B51D528D90580001924C9 /* Preview Content */,
			);
			path = test;
			sourceTree = "<group>";
		};
		176B51D528D90580001924C9 /* Preview Content */ = {
			isa = PBXGroup;
			children = (
				176B51D628D90580001924C9 /* Preview Assets.xcassets */,
			);
			path = "Preview Content";
			sourceTree = "<group>";
		};
		177F464928E5E53D00DD8B9D /* ViewModels */ = {
			isa = PBXGroup;
			children = (
				170A9FED28EAD84400D41896 /* MovieViewModel.swift */,
			);
			path = ViewModels;
			sourceTree = "<group>";
		};
		17C163A428D9BBDE00CE0960 /* Model */ = {
			isa = PBXGroup;
			children = (
				17C163A028D9B16200CE0960 /* MovieModel.swift */,
				17F6DC0828DB17AC007CBD0F /* UsersModel.swift */,
			);
			path = Model;
			sourceTree = "<group>";
		};
		17C163A528D9C10400CE0960 /* Views */ = {
			isa = PBXGroup;
			children = (
				176B51D028D9057F001924C9 /* ContentView.swift */,
				17F6DC0A28DB3ABF007CBD0F /* MoviesView */,
				17F6DC0B28DB3AE6007CBD0F /* Profils */,
			);
			path = Views;
			sourceTree = "<group>";
		};
		17F6DC0A28DB3ABF007CBD0F /* MoviesView */ = {
			isa = PBXGroup;
			children = (
				17C163AA28D9E71500CE0960 /* MovieList.swift */,
				17C163A228D9B1A600CE0960 /* DetailView.swift */,
				17C163A628D9CA4700CE0960 /* ModalView.swift */,
				17F6DC1028DB5BC2007CBD0F /* ImageMovie.swift */,
			);
			path = MoviesView;
			sourceTree = "<group>";
		};
		17F6DC0B28DB3AE6007CBD0F /* Profils */ = {
			isa = PBXGroup;
			children = (
				17F6DC0628DB075B007CBD0F /* EditView.swift */,
				17C1639E28D9AEB200CE0960 /* ProfilView.swift */,
				17F6DC0C28DB3B78007CBD0F /* PictureProfil.swift */,
				17F6DC0E28DB3D85007CBD0F /* ChangePicture.swift */,
			);
			path = Profils;
			sourceTree = "<group>";
		};
/* End PBXGroup section */

/* Begin PBXNativeTarget section */
		176B51CA28D9057F001924C9 /* test */ = {
			isa = PBXNativeTarget;
			buildConfigurationList = 176B51DA28D90580001924C9 /* Build configuration list for PBXNativeTarget "test" */;
			buildPhases = (
				176B51C728D9057F001924C9 /* Sources */,
				176B51C828D9057F001924C9 /* Frameworks */,
				176B51C928D9057F001924C9 /* Resources */,
			);
			buildRules = (
			);
			dependencies = (
			);
			name = test;
			productName = test;
			productReference = 176B51CB28D9057F001924C9 /* test.app */;
			productType = "com.apple.product-type.application";
		};
/* End PBXNativeTarget section */

/* Begin PBXProject section */
		176B51C328D9057F001924C9 /* Project object */ = {
			isa = PBXProject;
			attributes = {
				BuildIndependentTargetsInParallel = 1;
				LastSwiftUpdateCheck = 1400;
				LastUpgradeCheck = 1400;
				TargetAttributes = {
					176B51CA28D9057F001924C9 = {
						CreatedOnToolsVersion = 14.0;
					};
				};
			};
			buildConfigurationList = 176B51C628D9057F001924C9 /* Build configuration list for PBXProject "test" */;
			compatibilityVersion = "Xcode 14.0";
			developmentRegion = en;
			hasScannedForEncodings = 0;
			knownRegions = (
				en,
				Base,
			);
			mainGroup = 176B51C228D9057F001924C9;
			productRefGroup = 176B51CC28D9057F001924C9 /* Products */;
			projectDirPath = "";
			projectRoot = "";
			targets = (
				176B51CA28D9057F001924C9 /* test */,
			);
		};
/* End PBXProject section */

/* Begin PBXResourcesBuildPhase section */
		176B51C928D9057F001924C9 /* Resources */ = {
			isa = PBXResourcesBuildPhase;
			buildActionMask = 2147483647;
			files = (
				170D7F7B29202A1200D86791 /* ProfilView.png in Resources */,
				176B51D728D90580001924C9 /* Preview Assets.xcassets in Resources */,
				176B51D328D90580001924C9 /* Assets.xcassets in Resources */,
				170D7F7A29202A1200D86791 /* DetailMovieView.png in Resources */,
				170D7F7C29202A1200D86791 /* ListMoviesView.png in Resources */,
			);
			runOnlyForDeploymentPostprocessing = 0;
		};
/* End PBXResourcesBuildPhase section */

/* Begin PBXSourcesBuildPhase section */
		176B51C728D9057F001924C9 /* Sources */ = {
			isa = PBXSourcesBuildPhase;
			buildActionMask = 2147483647;
			files = (
				17C163A728D9CA4700CE0960 /* ModalView.swift in Sources */,
				17C163A128D9B16200CE0960 /* MovieModel.swift in Sources */,
				17F6DC0728DB075B007CBD0F /* EditView.swift in Sources */,
				17F6DC0F28DB3D85007CBD0F /* ChangePicture.swift in Sources */,
				176B51D128D9057F001924C9 /* ContentView.swift in Sources */,
				176B51CF28D9057F001924C9 /* testApp.swift in Sources */,
				17F6DC1128DB5BC2007CBD0F /* ImageMovie.swift in Sources */,
				17C163A328D9B1A600CE0960 /* DetailView.swift in Sources */,
				170A9FEE28EAD84400D41896 /* MovieViewModel.swift in Sources */,
				17F6DC0D28DB3B78007CBD0F /* PictureProfil.swift in Sources */,
				17C1639F28D9AEB200CE0960 /* ProfilView.swift in Sources */,
				17C163AB28D9E71500CE0960 /* MovieList.swift in Sources */,
				17F6DC0928DB17AC007CBD0F /* UsersModel.swift in Sources */,
			);
			runOnlyForDeploymentPostprocessing = 0;
		};
/* End PBXSourcesBuildPhase section */

/* Begin XCBuildConfiguration section */
		176B51D828D90580001924C9 /* Debug */ = {
			isa = XCBuildConfiguration;
			buildSettings = {
				ALWAYS_SEARCH_USER_PATHS = NO;
				CLANG_ANALYZER_NONNULL = YES;
				CLANG_ANALYZER_NUMBER_OBJECT_CONVERSION = YES_AGGRESSIVE;
				CLANG_CXX_LANGUAGE_STANDARD = "gnu++20";
				CLANG_ENABLE_MODULES = YES;
				CLANG_ENABLE_OBJC_ARC = YES;
				CLANG_ENABLE_OBJC_WEAK = YES;
				CLANG_WARN_BLOCK_CAPTURE_AUTORELEASING = YES;
				CLANG_WARN_BOOL_CONVERSION = YES;
				CLANG_WARN_COMMA = YES;
				CLANG_WARN_CONSTANT_CONVERSION = YES;
				CLANG_WARN_DEPRECATED_OBJC_IMPLEMENTATIONS = YES;
				CLANG_WARN_DIRECT_OBJC_ISA_USAGE = YES_ERROR;
				CLANG_WARN_DOCUMENTATION_COMMENTS = YES;
				CLANG_WARN_EMPTY_BODY = YES;
				CLANG_WARN_ENUM_CONVERSION = YES;
				CLANG_WARN_INFINITE_RECURSION = YES;
				CLANG_WARN_INT_CONVERSION = YES;
				CLANG_WARN_NON_LITERAL_NULL_CONVERSION = YES;
				CLANG_WARN_OBJC_IMPLICIT_RETAIN_SELF = YES;
				CLANG_WARN_OBJC_LITERAL_CONVERSION = YES;
				CLANG_WARN_OBJC_ROOT_CLASS = YES_ERROR;
				CLANG_WARN_QUOTED_INCLUDE_IN_FRAMEWORK_HEADER = YES;
				CLANG_WARN_RANGE_LOOP_ANALYSIS = YES;
				CLANG_WARN_STRICT_PROTOTYPES = YES;
				CLANG_WARN_SUSPICIOUS_MOVE = YES;
				CLANG_WARN_UNGUARDED_AVAILABILITY = YES_AGGRESSIVE;
				CLANG_WARN_UNREACHABLE_CODE = YES;
				CLANG_WARN__DUPLICATE_METHOD_MATCH = YES;
				COPY_PHASE_STRIP = NO;
				DEBUG_INFORMATION_FORMAT = dwarf;
				ENABLE_STRICT_OBJC_MSGSEND = YES;
				ENABLE_TESTABILITY = YES;
				GCC_C_LANGUAGE_STANDARD = gnu11;
				GCC_DYNAMIC_NO_PIC = NO;
				GCC_NO_COMMON_BLOCKS = YES;
				GCC_OPTIMIZATION_LEVEL = 0;
				GCC_PREPROCESSOR_DEFINITIONS = (
					"DEBUG=1",
					"$(inherited)",
				);
				GCC_WARN_64_TO_32_BIT_CONVERSION = YES;
				GCC_WARN_ABOUT_RETURN_TYPE = YES_ERROR;
				GCC_WARN_UNDECLARED_SELECTOR = YES;
				GCC_WARN_UNINITIALIZED_AUTOS = YES_AGGRESSIVE;
				GCC_WARN_UNUSED_FUNCTION = YES;
				GCC_WARN_UNUSED_VARIABLE = YES;
				MTL_ENABLE_DEBUG_INFO = INCLUDE_SOURCE;
				MTL_FAST_MATH = YES;
				ONLY_ACTIVE_ARCH = YES;
				SWIFT_ACTIVE_COMPILATION_CONDITIONS = DEBUG;
				SWIFT_OPTIMIZATION_LEVEL = "-Onone";
			};
			name = Debug;
		};
		176B51D928D90580001924C9 /* Release */ = {
			isa = XCBuildConfiguration;
			buildSettings = {
				ALWAYS_SEARCH_USER_PATHS = NO;
				CLANG_ANALYZER_NONNULL = YES;
				CLANG_ANALYZER_NUMBER_OBJECT_CONVERSION = YES_AGGRESSIVE;
				CLANG_CXX_LANGUAGE_STANDARD = "gnu++20";
				CLANG_ENABLE_MODULES = YES;
				CLANG_ENABLE_OBJC_ARC = YES;
				CLANG_ENABLE_OBJC_WEAK = YES;
				CLANG_WARN_BLOCK_CAPTURE_AUTORELEASING = YES;
				CLANG_WARN_BOOL_CONVERSION = YES;
				CLANG_WARN_COMMA = YES;
				CLANG_WARN_CONSTANT_CONVERSION = YES;
				CLANG_WARN_DEPRECATED_OBJC_IMPLEMENTATIONS = YES;
				CLANG_WARN_DIRECT_OBJC_ISA_USAGE = YES_ERROR;
				CLANG_WARN_DOCUMENTATION_COMMENTS = YES;
				CLANG_WARN_EMPTY_BODY = YES;
				CLANG_WARN_ENUM_CONVERSION = YES;
				CLANG_WARN_INFINITE_RECURSION = YES;
				CLANG_WARN_INT_CONVERSION = YES;
				CLANG_WARN_NON_LITERAL_NULL_CONVERSION = YES;
				CLANG_WARN_OBJC_IMPLICIT_RETAIN_SELF = YES;
				CLANG_WARN_OBJC_LITERAL_CONVERSION = YES;
				CLANG_WARN_OBJC_ROOT_CLASS = YES_ERROR;
				CLANG_WARN_QUOTED_INCLUDE_IN_FRAMEWORK_HEADER = YES;
				CLANG_WARN_RANGE_LOOP_ANALYSIS = YES;
				CLANG_WARN_STRICT_PROTOTYPES = YES;
				CLANG_WARN_SUSPICIOUS_MOVE = YES;
				CLANG_WARN_UNGUARDED_AVAILABILITY = YES_AGGRESSIVE;
				CLANG_WARN_UNREACHABLE_CODE = YES;
				CLANG_WARN__DUPLICATE_METHOD_MATCH = YES;
				COPY_PHASE_STRIP = NO;
				DEBUG_INFORMATION_FORMAT = "dwarf-with-dsym";
				ENABLE_NS_ASSERTIONS = NO;
				ENABLE_STRICT_OBJC_MSGSEND = YES;
				GCC_C_LANGUAGE_STANDARD = gnu11;
				GCC_NO_COMMON_BLOCKS = YES;
				GCC_WARN_64_TO_32_BIT_CONVERSION = YES;
				GCC_WARN_ABOUT_RETURN_TYPE = YES_ERROR;
				GCC_WARN_UNDECLARED_SELECTOR = YES;
				GCC_WARN_UNINITIALIZED_AUTOS = YES_AGGRESSIVE;
				GCC_WARN_UNUSED_FUNCTION = YES;
				GCC_WARN_UNUSED_VARIABLE = YES;
				MTL_ENABLE_DEBUG_INFO = NO;
				MTL_FAST_MATH = YES;
				SWIFT_COMPILATION_MODE = wholemodule;
				SWIFT_OPTIMIZATION_LEVEL = "-O";
			};
			name = Release;
		};
		176B51DB28D90580001924C9 /* Debug */ = {
			isa = XCBuildConfiguration;
			buildSettings = {
				ASSETCATALOG_COMPILER_APPICON_NAME = AppIcon;
				ASSETCATALOG_COMPILER_GLOBAL_ACCENT_COLOR_NAME = AccentColor;
				CODE_SIGN_ENTITLEMENTS = test/test.entitlements;
				CODE_SIGN_STYLE = Automatic;
				CURRENT_PROJECT_VERSION = 1;
				DEVELOPMENT_ASSET_PATHS = "\"test/Preview Content\"";
				DEVELOPMENT_TEAM = 8YR2KQ4MQ5;
				ENABLE_HARDENED_RUNTIME = YES;
				ENABLE_PREVIEWS = YES;
				GENERATE_INFOPLIST_FILE = YES;
				"INFOPLIST_KEY_UIApplicationSceneManifest_Generation[sdk=iphoneos*]" = YES;
				"INFOPLIST_KEY_UIApplicationSceneManifest_Generation[sdk=iphonesimulator*]" = YES;
				"INFOPLIST_KEY_UIApplicationSupportsIndirectInputEvents[sdk=iphoneos*]" = YES;
				"INFOPLIST_KEY_UIApplicationSupportsIndirectInputEvents[sdk=iphonesimulator*]" = YES;
				"INFOPLIST_KEY_UILaunchScreen_Generation[sdk=iphoneos*]" = YES;
				"INFOPLIST_KEY_UILaunchScreen_Generation[sdk=iphonesimulator*]" = YES;
				"INFOPLIST_KEY_UIStatusBarStyle[sdk=iphoneos*]" = UIStatusBarStyleDefault;
				"INFOPLIST_KEY_UIStatusBarStyle[sdk=iphonesimulator*]" = UIStatusBarStyleDefault;
				INFOPLIST_KEY_UISupportedInterfaceOrientations_iPad = "UIInterfaceOrientationPortrait UIInterfaceOrientationPortraitUpsideDown UIInterfaceOrientationLandscapeLeft UIInterfaceOrientationLandscapeRight";
				INFOPLIST_KEY_UISupportedInterfaceOrientations_iPhone = "UIInterfaceOrientationPortrait UIInterfaceOrientationLandscapeLeft UIInterfaceOrientationLandscapeRight";
				IPHONEOS_DEPLOYMENT_TARGET = 16.0;
				LD_RUNPATH_SEARCH_PATHS = "@executable_path/Frameworks";
				"LD_RUNPATH_SEARCH_PATHS[sdk=macosx*]" = "@executable_path/../Frameworks";
				MACOSX_DEPLOYMENT_TARGET = 12.3;
				MARKETING_VERSION = 1.0;
				PRODUCT_BUNDLE_IDENTIFIER = com.Tristan.test;
				PRODUCT_NAME = "$(TARGET_NAME)";
				SDKROOT = auto;
				SUPPORTED_PLATFORMS = "iphoneos iphonesimulator macosx";
				SWIFT_EMIT_LOC_STRINGS = YES;
				SWIFT_VERSION = 5.0;
				TARGETED_DEVICE_FAMILY = "1,2";
			};
			name = Debug;
		};
		176B51DC28D90580001924C9 /* Release */ = {
			isa = XCBuildConfiguration;
			buildSettings = {
				ASSETCATALOG_COMPILER_APPICON_NAME = AppIcon;
				ASSETCATALOG_COMPILER_GLOBAL_ACCENT_COLOR_NAME = AccentColor;
				CODE_SIGN_ENTITLEMENTS = test/test.entitlements;
				CODE_SIGN_STYLE = Automatic;
				CURRENT_PROJECT_VERSION = 1;
				DEVELOPMENT_ASSET_PATHS = "\"test/Preview Content\"";
				DEVELOPMENT_TEAM = 8YR2KQ4MQ5;
				ENABLE_HARDENED_RUNTIME = YES;
				ENABLE_PREVIEWS = YES;
				GENERATE_INFOPLIST_FILE = YES;
				"INFOPLIST_KEY_UIApplicationSceneManifest_Generation[sdk=iphoneos*]" = YES;
				"INFOPLIST_KEY_UIApplicationSceneManifest_Generation[sdk=iphonesimulator*]" = YES;
				"INFOPLIST_KEY_UIApplicationSupportsIndirectInputEvents[sdk=iphoneos*]" = YES;
				"INFOPLIST_KEY_UIApplicationSupportsIndirectInputEvents[sdk=iphonesimulator*]" = YES;
				"INFOPLIST_KEY_UILaunchScreen_Generation[sdk=iphoneos*]" = YES;
				"INFOPLIST_KEY_UILaunchScreen_Generation[sdk=iphonesimulator*]" = YES;
				"INFOPLIST_KEY_UIStatusBarStyle[sdk=iphoneos*]" = UIStatusBarStyleDefault;
				"INFOPLIST_KEY_UIStatusBarStyle[sdk=iphonesimulator*]" = UIStatusBarStyleDefault;
				INFOPLIST_KEY_UISupportedInterfaceOrientations_iPad = "UIInterfaceOrientationPortrait UIInterfaceOrientationPortraitUpsideDown UIInterfaceOrientationLandscapeLeft UIInterfaceOrientationLandscapeRight";
				INFOPLIST_KEY_UISupportedInterfaceOrientations_iPhone = "UIInterfaceOrientationPortrait UIInterfaceOrientationLandscapeLeft UIInterfaceOrientationLandscapeRight";
				IPHONEOS_DEPLOYMENT_TARGET = 16.0;
				LD_RUNPATH_SEARCH_PATHS = "@executable_path/Frameworks";
				"LD_RUNPATH_SEARCH_PATHS[sdk=macosx*]" = "@executable_path/../Frameworks";
				MACOSX_DEPLOYMENT_TARGET = 12.3;
				MARKETING_VERSION = 1.0;
				PRODUCT_BUNDLE_IDENTIFIER = com.Tristan.test;
				PRODUCT_NAME = "$(TARGET_NAME)";
				SDKROOT = auto;
				SUPPORTED_PLATFORMS = "iphoneos iphonesimulator macosx";
				SWIFT_EMIT_LOC_STRINGS = YES;
				SWIFT_VERSION = 5.0;
				TARGETED_DEVICE_FAMILY = "1,2";
			};
			name = Release;
		};
/* End XCBuildConfiguration section */

/* Begin XCConfigurationList section */
		176B51C628D9057F001924C9 /* Build configuration list for PBXProject "test" */ = {
			isa = XCConfigurationList;
			buildConfigurations = (
				176B51D828D90580001924C9 /* Debug */,
				176B51D928D90580001924C9 /* Release */,
			);
			defaultConfigurationIsVisible = 0;
			defaultConfigurationName = Release;
		};
		176B51DA28D90580001924C9 /* Build configuration list for PBXNativeTarget "test" */ = {
			isa = XCConfigurationList;
			buildConfigurations = (
				176B51DB28D90580001924C9 /* Debug */,
				176B51DC28D90580001924C9 /* Release */,
			);
			defaultConfigurationIsVisible = 0;
			defaultConfigurationName = Release;
		};
/* End XCConfigurationList section */
	};
	rootObject = 176B51C328D9057F001924C9 /* Project object */;
}
